// !$*UTF8*$!
{
	archiveVersion = 1;
	classes = {
	};
	objectVersion = 46;
	objects = {

/* Begin PBXBuildFile section */
		5533FA0119676DC600EF5201 /* TaskManager.swift in Sources */ = {isa = PBXBuildFile; fileRef = 5533FA0019676DC600EF5201 /* TaskManager.swift */; };
		5533FA0319676E0E00EF5201 /* PersistenceHelper.swift in Sources */ = {isa = PBXBuildFile; fileRef = 5533FA0219676E0E00EF5201 /* PersistenceHelper.swift */; };
		5533FA05196770F900EF5201 /* AddTaskVC.swift in Sources */ = {isa = PBXBuildFile; fileRef = 5533FA04196770F900EF5201 /* AddTaskVC.swift */; };
		558102CE1959EE0700EE6755 /* AppDelegate.swift in Sources */ = {isa = PBXBuildFile; fileRef = 558102CD1959EE0700EE6755 /* AppDelegate.swift */; };
		558102D11959EE0700EE6755 /* TableViewTest.xcdatamodeld in Sources */ = {isa = PBXBuildFile; fileRef = 558102CF1959EE0700EE6755 /* TableViewTest.xcdatamodeld */; };
		558102D31959EE0700EE6755 /* Images.xcassets in Resources */ = {isa = PBXBuildFile; fileRef = 558102D21959EE0700EE6755 /* Images.xcassets */; };
		558102DF1959EE0800EE6755 /* TableViewTestTests.swift in Sources */ = {isa = PBXBuildFile; fileRef = 558102DE1959EE0800EE6755 /* TableViewTestTests.swift */; };
		558102E91959EE4400EE6755 /* MainStoryboard.storyboard in Resources */ = {isa = PBXBuildFile; fileRef = 558102E81959EE4400EE6755 /* MainStoryboard.storyboard */; };
		55E873101959F37F00734ED2 /* MainVC.swift in Sources */ = {isa = PBXBuildFile; fileRef = 55E8730F1959F37F00734ED2 /* MainVC.swift */; };
		55E873121959F3D500734ED2 /* DetailVC.swift in Sources */ = {isa = PBXBuildFile; fileRef = 55E873111959F3D500734ED2 /* DetailVC.swift */; };
/* End PBXBuildFile section */

/* Begin PBXContainerItemProxy section */
		558102D91959EE0800EE6755 /* PBXContainerItemProxy */ = {
			isa = PBXContainerItemProxy;
			containerPortal = 558102C01959EE0700EE6755 /* Project object */;
			proxyType = 1;
			remoteGlobalIDString = 558102C71959EE0700EE6755;
			remoteInfo = TableViewTest;
		};
/* End PBXContainerItemProxy section */

/* Begin PBXFileReference section */
		5533FA0019676DC600EF5201 /* TaskManager.swift */ = {isa = PBXFileReference; fileEncoding = 4; lastKnownFileType = sourcecode.swift; path = TaskManager.swift; sourceTree = "<group>"; };
		5533FA0219676E0E00EF5201 /* PersistenceHelper.swift */ = {isa = PBXFileReference; fileEncoding = 4; lastKnownFileType = sourcecode.swift; path = PersistenceHelper.swift; sourceTree = "<group>"; };
		5533FA04196770F900EF5201 /* AddTaskVC.swift */ = {isa = PBXFileReference; fileEncoding = 4; lastKnownFileType = sourcecode.swift; path = AddTaskVC.swift; sourceTree = "<group>"; };
		558102C81959EE0700EE6755 /* TableViewTest.app */ = {isa = PBXFileReference; explicitFileType = wrapper.application; includeInIndex = 0; path = TableViewTest.app; sourceTree = BUILT_PRODUCTS_DIR; };
		558102CC1959EE0700EE6755 /* Info.plist */ = {isa = PBXFileReference; lastKnownFileType = text.plist.xml; path = Info.plist; sourceTree = "<group>"; };
		558102CD1959EE0700EE6755 /* AppDelegate.swift */ = {isa = PBXFileReference; lastKnownFileType = sourcecode.swift; path = AppDelegate.swift; sourceTree = "<group>"; };
		558102D01959EE0700EE6755 /* TableViewTest.xcdatamodel */ = {isa = PBXFileReference; lastKnownFileType = wrapper.xcdatamodel; path = TableViewTest.xcdatamodel; sourceTree = "<group>"; };
		558102D21959EE0700EE6755 /* Images.xcassets */ = {isa = PBXFileReference; lastKnownFileType = folder.assetcatalog; path = Images.xcassets; sourceTree = "<group>"; };
		558102D81959EE0800EE6755 /* TableViewTestTests.xctest */ = {isa = PBXFileReference; explicitFileType = wrapper.cfbundle; includeInIndex = 0; path = TableViewTestTests.xctest; sourceTree = BUILT_PRODUCTS_DIR; };
		558102DD1959EE0800EE6755 /* Info.plist */ = {isa = PBXFileReference; lastKnownFileType = text.plist.xml; path = Info.plist; sourceTree = "<group>"; };
		558102DE1959EE0800EE6755 /* TableViewTestTests.swift */ = {isa = PBXFileReference; lastKnownFileType = sourcecode.swift; path = TableViewTestTests.swift; sourceTree = "<group>"; };
		558102E81959EE4400EE6755 /* MainStoryboard.storyboard */ = {isa = PBXFileReference; fileEncoding = 4; lastKnownFileType = file.storyboard; path = MainStoryboard.storyboard; sourceTree = "<group>"; };
		55E8730F1959F37F00734ED2 /* MainVC.swift */ = {isa = PBXFileReference; fileEncoding = 4; lastKnownFileType = sourcecode.swift; path = MainVC.swift; sourceTree = "<group>"; };
		55E873111959F3D500734ED2 /* DetailVC.swift */ = {isa = PBXFileReference; fileEncoding = 4; lastKnownFileType = sourcecode.swift; path = DetailVC.swift; sourceTree = "<group>"; };
/* End PBXFileReference section */

/* Begin PBXFrameworksBuildPhase section */
		558102C51959EE0700EE6755 /* Frameworks */ = {
			isa = PBXFrameworksBuildPhase;
			buildActionMask = 2147483647;
			files = (
			);
			runOnlyForDeploymentPostprocessing = 0;
		};
		558102D51959EE0800EE6755 /* Frameworks */ = {
			isa = PBXFrameworksBuildPhase;
			buildActionMask = 2147483647;
			files = (
			);
			runOnlyForDeploymentPostprocessing = 0;
		};
/* End PBXFrameworksBuildPhase section */

/* Begin PBXGroup section */
		558102BF1959EE0700EE6755 = {
			isa = PBXGroup;
			children = (
				558102CA1959EE0700EE6755 /* TableViewTest */,
				558102DB1959EE0800EE6755 /* TableViewTestTests */,
				558102C91959EE0700EE6755 /* Products */,
			);
			sourceTree = "<group>";
		};
		558102C91959EE0700EE6755 /* Products */ = {
			isa = PBXGroup;
			children = (
				558102C81959EE0700EE6755 /* TableViewTest.app */,
				558102D81959EE0800EE6755 /* TableViewTestTests.xctest */,
			);
			name = Products;
			sourceTree = "<group>";
		};
		558102CA1959EE0700EE6755 /* TableViewTest */ = {
			isa = PBXGroup;
			children = (
				558102E81959EE4400EE6755 /* MainStoryboard.storyboard */,
				558102CD1959EE0700EE6755 /* AppDelegate.swift */,
				55E8730F1959F37F00734ED2 /* MainVC.swift */,
				55E873111959F3D500734ED2 /* DetailVC.swift */,
				5533FA04196770F900EF5201 /* AddTaskVC.swift */,
				5533FA0019676DC600EF5201 /* TaskManager.swift */,
				5533FA0219676E0E00EF5201 /* PersistenceHelper.swift */,
				558102D21959EE0700EE6755 /* Images.xcassets */,
				558102CF1959EE0700EE6755 /* TableViewTest.xcdatamodeld */,
				558102CB1959EE0700EE6755 /* Supporting Files */,
			);
			path = TableViewTest;
			sourceTree = "<group>";
		};
		558102CB1959EE0700EE6755 /* Supporting Files */ = {
			isa = PBXGroup;
			children = (
				558102CC1959EE0700EE6755 /* Info.plist */,
			);
			name = "Supporting Files";
			sourceTree = "<group>";
		};
		558102DB1959EE0800EE6755 /* TableViewTestTests */ = {
			isa = PBXGroup;
			children = (
				558102DE1959EE0800EE6755 /* TableViewTestTests.swift */,
				558102DC1959EE0800EE6755 /* Supporting Files */,
			);
			path = TableViewTestTests;
			sourceTree = "<group>";
		};
		558102DC1959EE0800EE6755 /* Supporting Files */ = {
			isa = PBXGroup;
			children = (
				558102DD1959EE0800EE6755 /* Info.plist */,
			);
			name = "Supporting Files";
			sourceTree = "<group>";
		};
/* End PBXGroup section */

/* Begin PBXNativeTarget section */
		558102C71959EE0700EE6755 /* TableViewTest */ = {
			isa = PBXNativeTarget;
			buildConfigurationList = 558102E21959EE0800EE6755 /* Build configuration list for PBXNativeTarget "TableViewTest" */;
			buildPhases = (
				558102C41959EE0700EE6755 /* Sources */,
				558102C51959EE0700EE6755 /* Frameworks */,
				558102C61959EE0700EE6755 /* Resources */,
			);
			buildRules = (
			);
			dependencies = (
			);
			name = TableViewTest;
			productName = TableViewTest;
			productReference = 558102C81959EE0700EE6755 /* TableViewTest.app */;
			productType = "com.apple.product-type.application";
		};
		558102D71959EE0800EE6755 /* TableViewTestTests */ = {
			isa = PBXNativeTarget;
			buildConfigurationList = 558102E51959EE0800EE6755 /* Build configuration list for PBXNativeTarget "TableViewTestTests" */;
			buildPhases = (
				558102D41959EE0800EE6755 /* Sources */,
				558102D51959EE0800EE6755 /* Frameworks */,
				558102D61959EE0800EE6755 /* Resources */,
			);
			buildRules = (
			);
			dependencies = (
				558102DA1959EE0800EE6755 /* PBXTargetDependency */,
			);
			name = TableViewTestTests;
			productName = TableViewTestTests;
			productReference = 558102D81959EE0800EE6755 /* TableViewTestTests.xctest */;
			productType = "com.apple.product-type.bundle.unit-test";
		};
/* End PBXNativeTarget section */

/* Begin PBXProject section */
		558102C01959EE0700EE6755 /* Project object */ = {
			isa = PBXProject;
			attributes = {
				LastUpgradeCheck = 0600;
				ORGANIZATIONNAME = rhinoIO;
				TargetAttributes = {
					558102C71959EE0700EE6755 = {
						CreatedOnToolsVersion = 6.0;
					};
					558102D71959EE0800EE6755 = {
						CreatedOnToolsVersion = 6.0;
						TestTargetID = 558102C71959EE0700EE6755;
					};
				};
			};
			buildConfigurationList = 558102C31959EE0700EE6755 /* Build configuration list for PBXProject "TableViewTest" */;
			compatibilityVersion = "Xcode 3.2";
			developmentRegion = English;
			hasScannedForEncodings = 0;
			knownRegions = (
				en,
			);
			mainGroup = 558102BF1959EE0700EE6755;
			productRefGroup = 558102C91959EE0700EE6755 /* Products */;
			projectDirPath = "";
			projectRoot = "";
			targets = (
				558102C71959EE0700EE6755 /* TableViewTest */,
				558102D71959EE0800EE6755 /* TableViewTestTests */,
			);
		};
/* End PBXProject section */

/* Begin PBXResourcesBuildPhase section */
		558102C61959EE0700EE6755 /* Resources */ = {
			isa = PBXResourcesBuildPhase;
			buildActionMask = 2147483647;
			files = (
				558102E91959EE4400EE6755 /* MainStoryboard.storyboard in Resources */,
				558102D31959EE0700EE6755 /* Images.xcassets in Resources */,
			);
			runOnlyForDeploymentPostprocessing = 0;
		};
		558102D61959EE0800EE6755 /* Resources */ = {
			isa = PBXResourcesBuildPhase;
			buildActionMask = 2147483647;
			files = (
			);
			runOnlyForDeploymentPostprocessing = 0;
		};
/* End PBXResourcesBuildPhase section */

/* Begin PBXSourcesBuildPhase section */
		558102C41959EE0700EE6755 /* Sources */ = {
			isa = PBXSourcesBuildPhase;
			buildActionMask = 2147483647;
			files = (
				558102CE1959EE0700EE6755 /* AppDelegate.swift in Sources */,
				5533FA0319676E0E00EF5201 /* PersistenceHelper.swift in Sources */,
				5533FA05196770F900EF5201 /* AddTaskVC.swift in Sources */,
				55E873121959F3D500734ED2 /* DetailVC.swift in Sources */,
				5533FA0119676DC600EF5201 /* TaskManager.swift in Sources */,
				55E873101959F37F00734ED2 /* MainVC.swift in Sources */,
				558102D11959EE0700EE6755 /* TableViewTest.xcdatamodeld in Sources */,
			);
			runOnlyForDeploymentPostprocessing = 0;
		};
		558102D41959EE0800EE6755 /* Sources */ = {
			isa = PBXSourcesBuildPhase;
			buildActionMask = 2147483647;
			files = (
				558102DF1959EE0800EE6755 /* TableViewTestTests.swift in Sources */,
			);
			runOnlyForDeploymentPostprocessing = 0;
		};
/* End PBXSourcesBuildPhase section */

/* Begin PBXTargetDependency section */
		558102DA1959EE0800EE6755 /* PBXTargetDependency */ = {
			isa = PBXTargetDependency;
			target = 558102C71959EE0700EE6755 /* TableViewTest */;
			targetProxy = 558102D91959EE0800EE6755 /* PBXContainerItemProxy */;
		};
/* End PBXTargetDependency section */

/* Begin XCBuildConfiguration section */
		558102E01959EE0800EE6755 /* Debug */ = {
			isa = XCBuildConfiguration;
			buildSettings = {
				ALWAYS_SEARCH_USER_PATHS = NO;
				CLANG_CXX_LANGUAGE_STANDARD = "gnu++0x";
				CLANG_CXX_LIBRARY = "libc++";
				CLANG_ENABLE_MODULES = YES;
				CLANG_ENABLE_OBJC_ARC = YES;
				CLANG_WARN_BOOL_CONVERSION = YES;
				CLANG_WARN_CONSTANT_CONVERSION = YES;
				CLANG_WARN_DIRECT_OBJC_ISA_USAGE = YES_ERROR;
				CLANG_WARN_EMPTY_BODY = YES;
				CLANG_WARN_ENUM_CONVERSION = YES;
				CLANG_WARN_INT_CONVERSION = YES;
				CLANG_WARN_OBJC_ROOT_CLASS = YES_ERROR;
				CLANG_WARN_UNREACHABLE_CODE = YES;
				CLANG_WARN__DUPLICATE_METHOD_MATCH = YES;
				"CODE_SIGN_IDENTITY[sdk=iphoneos*]" = "iPhone Developer";
				COPY_PHASE_STRIP = NO;
				ENABLE_STRICT_OBJC_MSGSEND = YES;
				GCC_C_LANGUAGE_STANDARD = gnu99;
				GCC_DYNAMIC_NO_PIC = NO;
				GCC_OPTIMIZATION_LEVEL = 0;
				GCC_PREPROCESSOR_DEFINITIONS = (
					"DEBUG=1",
					"$(inherited)",
				);
				GCC_SYMBOLS_PRIVATE_EXTERN = NO;
				GCC_WARN_64_TO_32_BIT_CONVERSION = YES;
				GCC_WARN_ABOUT_RETURN_TYPE = YES_ERROR;
				GCC_WARN_UNDECLARED_SELECTOR = YES;
				GCC_WARN_UNINITIALIZED_AUTOS = YES_AGGRESSIVE;
				GCC_WARN_UNUSED_FUNCTION = YES;
				GCC_WARN_UNUSED_VARIABLE = YES;
				IPHONEOS_DEPLOYMENT_TARGET = 8.0;
				METAL_ENABLE_DEBUG_INFO = YES;
				ONLY_ACTIVE_ARCH = YES;
				SDKROOT = iphoneos;
				SWIFT_OPTIMIZATION_LEVEL = "-Onone";
			};
			name = Debug;
		};
		558102E11959EE0800EE6755 /* Release */ = {
			isa = XCBuildConfiguration;
			buildSettings = {
				ALWAYS_SEARCH_USER_PATHS = NO;
				CLANG_CXX_LANGUAGE_STANDARD = "gnu++0x";
				CLANG_CXX_LIBRARY = "libc++";
				CLANG_ENABLE_MODULES = YES;
				CLANG_ENABLE_OBJC_ARC = YES;
				CLANG_WARN_BOOL_CONVERSION = YES;
				CLANG_WARN_CONSTANT_CONVERSION = YES;
				CLANG_WARN_DIRECT_OBJC_ISA_USAGE = YES_ERROR;
				CLANG_WARN_EMPTY_BODY = YES;
				CLANG_WARN_ENUM_CONVERSION = YES;
				CLANG_WARN_INT_CONVERSION = YES;
				CLANG_WARN_OBJC_ROOT_CLASS = YES_ERROR;
				CLANG_WARN_UNREACHABLE_CODE = YES;
				CLANG_WARN__DUPLICATE_METHOD_MATCH = YES;
				"CODE_SIGN_IDENTITY[sdk=iphoneos*]" = "iPhone Developer";
				COPY_PHASE_STRIP = YES;
				ENABLE_NS_ASSERTIONS = NO;
				ENABLE_STRICT_OBJC_MSGSEND = YES;
				GCC_C_LANGUAGE_STANDARD = gnu99;
				GCC_WARN_64_TO_32_BIT_CONVERSION = YES;
				GCC_WARN_ABOUT_RETURN_TYPE = YES_ERROR;
				GCC_WARN_UNDECLARED_SELECTOR = YES;
				GCC_WARN_UNINITIALIZED_AUTOS = YES_AGGRESSIVE;
				GCC_WARN_UNUSED_FUNCTION = YES;
				GCC_WARN_UNUSED_VARIABLE = YES;
				IPHONEOS_DEPLOYMENT_TARGET = 8.0;
				METAL_ENABLE_DEBUG_INFO = NO;
				SDKROOT = iphoneos;
				VALIDATE_PRODUCT = YES;
			};
			name = Release;
		};
		558102E31959EE0800EE6755 /* Debug */ = {
			isa = XCBuildConfiguration;
			buildSettings = {
				ASSETCATALOG_COMPILER_APPICON_NAME = AppIcon;
				ASSETCATALOG_COMPILER_LAUNCHIMAGE_NAME = LaunchImage;
				INFOPLIST_FILE = TableViewTest/Info.plist;
				LD_RUNPATH_SEARCH_PATHS = "$(inherited) @executable_path/Frameworks";
				PRODUCT_NAME = "$(TARGET_NAME)";
			};
			name = Debug;
		};
		558102E41959EE0800EE6755 /* Release */ = {
			isa = XCBuildConfiguration;
			buildSettings = {
				ASSETCATALOG_COMPILER_APPICON_NAME = AppIcon;
				ASSETCATALOG_COMPILER_LAUNCHIMAGE_NAME = LaunchImage;
				INFOPLIST_FILE = TableViewTest/Info.plist;
				LD_RUNPATH_SEARCH_PATHS = "$(inherited) @executable_path/Frameworks";
				PRODUCT_NAME = "$(TARGET_NAME)";
			};
			name = Release;
		};
		558102E61959EE0800EE6755 /* Debug */ = {
			isa = XCBuildConfiguration;
			buildSettings = {
				BUNDLE_LOADER = "$(BUILT_PRODUCTS_DIR)/TableViewTest.app/TableViewTest";
				FRAMEWORK_SEARCH_PATHS = (
					"$(SDKROOT)/Developer/Library/Frameworks",
					"$(inherited)",
				);
				GCC_PREPROCESSOR_DEFINITIONS = (
					"DEBUG=1",
					"$(inherited)",
				);
				INFOPLIST_FILE = TableViewTestTests/Info.plist;
				LD_RUNPATH_SEARCH_PATHS = "$(inherited) @executable_path/Frameworks @loader_path/Frameworks";
				METAL_ENABLE_DEBUG_INFO = YES;
				PRODUCT_NAME = "$(TARGET_NAME)";
				TEST_HOST = "$(BUNDLE_LOADER)";
			};
			name = Debug;
		};
		558102E71959EE0800EE6755 /* Release */ = {
			isa = XCBuildConfiguration;
			buildSettings = {
				BUNDLE_LOADER = "$(BUILT_PRODUCTS_DIR)/TableViewTest.app/TableViewTest";
				FRAMEWORK_SEARCH_PATHS = (
					"$(SDKROOT)/Developer/Library/Frameworks",
					"$(inherited)",
				);
				INFOPLIST_FILE = TableViewTestTests/Info.plist;
				LD_RUNPATH_SEARCH_PATHS = "$(inherited) @executable_path/Frameworks @loader_path/Frameworks";
				METAL_ENABLE_DEBUG_INFO = NO;
				PRODUCT_NAME = "$(TARGET_NAME)";
				TEST_HOST = "$(BUNDLE_LOADER)";
			};
			name = Release;
		};
/* End XCBuildConfiguration section */

/* Begin XCConfigurationList section */
		558102C31959EE0700EE6755 /* Build configuration list for PBXProject "TableViewTest" */ = {
			isa = XCConfigurationList;
			buildConfigurations = (
				558102E01959EE0800EE6755 /* Debug */,
				558102E11959EE0800EE6755 /* Release */,
			);
			defaultConfigurationIsVisible = 0;
			defaultConfigurationName = Release;
		};
		558102E21959EE0800EE6755 /* Build configuration list for PBXNativeTarget "TableViewTest" */ = {
			isa = XCConfigurationList;
			buildConfigurations = (
				558102E31959EE0800EE6755 /* Debug */,
				558102E41959EE0800EE6755 /* Release */,
			);
			defaultConfigurationIsVisible = 0;
			defaultConfigurationName = Release;
		};
		558102E51959EE0800EE6755 /* Build configuration list for PBXNativeTarget "TableViewTestTests" */ = {
			isa = XCConfigurationList;
			buildConfigurations = (
				558102E61959EE0800EE6755 /* Debug */,
				558102E71959EE0800EE6755 /* Release */,
			);
			defaultConfigurationIsVisible = 0;
			defaultConfigurationName = Release;
		};
/* End XCConfigurationList section */

/* Begin XCVersionGroup section */
		558102CF1959EE0700EE6755 /* TableViewTest.xcdatamodeld */ = {
			isa = XCVersionGroup;
			children = (
				558102D01959EE0700EE6755 /* TableViewTest.xcdatamodel */,
			);
			currentVersion = 558102D01959EE0700EE6755 /* TableViewTest.xcdatamodel */;
			path = TableViewTest.xcdatamodeld;
			sourceTree = "<group>";
			versionGroupType = wrapper.xcdatamodel;
		};
/* End XCVersionGroup section */
	};
	rootObject = 558102C01959EE0700EE6755 /* Project object */;
}
